
Microsoft Visual Studio Solution File, Format Version 12.00
# Visual Studio Version 17
VisualStudioVersion = 17.7.34018.315
MinimumVisualStudioVersion = 10.0.40219.1
Project("{FAE04EC0-301F-11D3-BF4B-00C04F79EFBC}") = "AcmePayLtdAPI", "AcmePayLtdAPI.csproj", "{7D5058CC-86D8-4CA2-9EDD-58EB2EE68429}"
EndProject
Project("{FAE04EC0-301F-11D3-BF4B-00C04F79EFBC}") = "AcmePayLtdLibrary", "..\AcmePayLtdLibrary\AcmePayLtdLibrary.csproj", "{A7FB7481-3E2B-47DA-B31C-516179961142}"
EndProject
Global
	GlobalSection(SolutionConfigurationPlatforms) = preSolution
		Debug|Any CPU = Debug|Any CPU
		Release|Any CPU = Release|Any CPU
	EndGlobalSection
	GlobalSection(ProjectConfigurationPlatforms) = postSolution
		{7D5058CC-86D8-4CA2-9EDD-58EB2EE68429}.Debug|Any CPU.ActiveCfg = Debug|Any CPU
		{7D5058CC-86D8-4CA2-9EDD-58EB2EE68429}.Debug|Any CPU.Build.0 = Debug|Any CPU
		{7D5058CC-86D8-4CA2-9EDD-58EB2EE68429}.Release|Any CPU.ActiveCfg = Release|Any CPU
		{7D5058CC-86D8-4CA2-9EDD-58EB2EE68429}.Release|Any CPU.Build.0 = Release|Any CPU
		{A7FB7481-3E2B-47DA-B31C-516179961142}.Debug|Any CPU.ActiveCfg = Debug|Any CPU
		{A7FB7481-3E2B-47DA-B31C-516179961142}.Debug|Any CPU.Build.0 = Debug|Any CPU
		{A7FB7481-3E2B-47DA-B31C-516179961142}.Release|Any CPU.ActiveCfg = Release|Any CPU
		{A7FB7481-3E2B-47DA-B31C-516179961142}.Release|Any CPU.Build.0 = Release|Any CPU
	EndGlobalSection
	GlobalSection(SolutionProperties) = preSolution
		HideSolutionNode = FALSE
	EndGlobalSection
	GlobalSection(ExtensibilityGlobals) = postSolution
		SolutionGuid = {1377735C-EE6A-4A58-8CF6-AA04EFE74CFE}
	EndGlobalSection
EndGlobal
